{
  "name": "lib-ibos",
  "version": "0.1.30",
  "lockfileVersion": 1,
  "dependencies": {
    "babel-plugin-import": {
      "version": "1.2.1",
      "resolved": "http://registry.npm.taobao.org/babel-plugin-import/download/babel-plugin-import-1.2.1.tgz",
      "integrity": "sha1-dyaqGw94DmjVD50444txTt2eew8=",
      "dev": true
    },
    "babel-plugin-single-import": {
      "version": "0.0.3",
      "resolved": "http://registry.npm.taobao.org/babel-plugin-single-import/download/babel-plugin-single-import-0.0.3.tgz",
      "integrity": "sha1-xB3bgaedsa93AaBd1iMpORX2eI0=",
      "dev": true
    }
  }
}
